
Microsoft Visual Studio Solution File, Format Version 12.00
# Visual Studio Version 17
VisualStudioVersion = 17.12.35527.113
MinimumVisualStudioVersion = 10.0.40219.1
Project("{8BC9CEB8-8B4A-11D0-8D11-00A0C91BC942}") = "ES2", "ES2\ES2.vcxproj", "{50D66CAE-D311-40AD-B69A-272512442E43}"
EndProject
Project("{8BC9CEB8-8B4A-11D0-8D11-00A0C91BC942}") = "ES3", "ES3\ES3.vcxproj", "{6BD00B6E-CC4C-4255-A436-1DECA365CCC3}"
EndProject
Project("{8BC9CEB8-8B4A-11D0-8D11-00A0C91BC942}") = "ES4", "ES4\ES4.vcxproj", "{84EC26D1-F272-44DB-ACDD-76B4901BBE78}"
EndProject
Project("{8BC9CEB8-8B4A-11D0-8D11-00A0C91BC942}") = "ES5", "ES5\ES5.vcxproj", "{D82C9436-DE1E-45B1-B8DC-CB1CFECCC54D}"
EndProject
Project("{8BC9CEB8-8B4A-11D0-8D11-00A0C91BC942}") = "ES1", "ES1\ES1.vcxproj", "{4448D279-ED95-472D-AF2B-3065E943A0C8}"
EndProject
Global
	GlobalSection(SolutionConfigurationPlatforms) = preSolution
		Debug|x64 = Debug|x64
		Debug|x86 = Debug|x86
		Release|x64 = Release|x64
		Release|x86 = Release|x86
	EndGlobalSection
	GlobalSection(ProjectConfigurationPlatforms) = postSolution
		{50D66CAE-D311-40AD-B69A-272512442E43}.Debug|x64.ActiveCfg = Debug|x64
		{50D66CAE-D311-40AD-B69A-272512442E43}.Debug|x64.Build.0 = Debug|x64
		{50D66CAE-D311-40AD-B69A-272512442E43}.Debug|x86.ActiveCfg = Debug|Win32
		{50D66CAE-D311-40AD-B69A-272512442E43}.Debug|x86.Build.0 = Debug|Win32
		{50D66CAE-D311-40AD-B69A-272512442E43}.Release|x64.ActiveCfg = Release|x64
		{50D66CAE-D311-40AD-B69A-272512442E43}.Release|x64.Build.0 = Release|x64
		{50D66CAE-D311-40AD-B69A-272512442E43}.Release|x86.ActiveCfg = Release|Win32
		{50D66CAE-D311-40AD-B69A-272512442E43}.Release|x86.Build.0 = Release|Win32
		{6BD00B6E-CC4C-4255-A436-1DECA365CCC3}.Debug|x64.ActiveCfg = Debug|x64
		{6BD00B6E-CC4C-4255-A436-1DECA365CCC3}.Debug|x64.Build.0 = Debug|x64
		{6BD00B6E-CC4C-4255-A436-1DECA365CCC3}.Debug|x86.ActiveCfg = Debug|Win32
		{6BD00B6E-CC4C-4255-A436-1DECA365CCC3}.Debug|x86.Build.0 = Debug|Win32
		{6BD00B6E-CC4C-4255-A436-1DECA365CCC3}.Release|x64.ActiveCfg = Release|x64
		{6BD00B6E-CC4C-4255-A436-1DECA365CCC3}.Release|x64.Build.0 = Release|x64
		{6BD00B6E-CC4C-4255-A436-1DECA365CCC3}.Release|x86.ActiveCfg = Release|Win32
		{6BD00B6E-CC4C-4255-A436-1DECA365CCC3}.Release|x86.Build.0 = Release|Win32
		{84EC26D1-F272-44DB-ACDD-76B4901BBE78}.Debug|x64.ActiveCfg = Debug|x64
		{84EC26D1-F272-44DB-ACDD-76B4901BBE78}.Debug|x64.Build.0 = Debug|x64
		{84EC26D1-F272-44DB-ACDD-76B4901BBE78}.Debug|x86.ActiveCfg = Debug|Win32
		{84EC26D1-F272-44DB-ACDD-76B4901BBE78}.Debug|x86.Build.0 = Debug|Win32
		{84EC26D1-F272-44DB-ACDD-76B4901BBE78}.Release|x64.ActiveCfg = Release|x64
		{84EC26D1-F272-44DB-ACDD-76B4901BBE78}.Release|x64.Build.0 = Release|x64
		{84EC26D1-F272-44DB-ACDD-76B4901BBE78}.Release|x86.ActiveCfg = Release|Win32
		{84EC26D1-F272-44DB-ACDD-76B4901BBE78}.Release|x86.Build.0 = Release|Win32
		{D82C9436-DE1E-45B1-B8DC-CB1CFECCC54D}.Debug|x64.ActiveCfg = Debug|x64
		{D82C9436-DE1E-45B1-B8DC-CB1CFECCC54D}.Debug|x64.Build.0 = Debug|x64
		{D82C9436-DE1E-45B1-B8DC-CB1CFECCC54D}.Debug|x86.ActiveCfg = Debug|Win32
		{D82C9436-DE1E-45B1-B8DC-CB1CFECCC54D}.Debug|x86.Build.0 = Debug|Win32
		{D82C9436-DE1E-45B1-B8DC-CB1CFECCC54D}.Release|x64.ActiveCfg = Release|x64
		{D82C9436-DE1E-45B1-B8DC-CB1CFECCC54D}.Release|x64.Build.0 = Release|x64
		{D82C9436-DE1E-45B1-B8DC-CB1CFECCC54D}.Release|x86.ActiveCfg = Release|Win32
		{D82C9436-DE1E-45B1-B8DC-CB1CFECCC54D}.Release|x86.Build.0 = Release|Win32
		{4448D279-ED95-472D-AF2B-3065E943A0C8}.Debug|x64.ActiveCfg = Debug|x64
		{4448D279-ED95-472D-AF2B-3065E943A0C8}.Debug|x64.Build.0 = Debug|x64
		{4448D279-ED95-472D-AF2B-3065E943A0C8}.Debug|x86.ActiveCfg = Debug|Win32
		{4448D279-ED95-472D-AF2B-3065E943A0C8}.Debug|x86.Build.0 = Debug|Win32
		{4448D279-ED95-472D-AF2B-3065E943A0C8}.Release|x64.ActiveCfg = Release|x64
		{4448D279-ED95-472D-AF2B-3065E943A0C8}.Release|x64.Build.0 = Release|x64
		{4448D279-ED95-472D-AF2B-3065E943A0C8}.Release|x86.ActiveCfg = Release|Win32
		{4448D279-ED95-472D-AF2B-3065E943A0C8}.Release|x86.Build.0 = Release|Win32
	EndGlobalSection
	GlobalSection(SolutionProperties) = preSolution
		HideSolutionNode = FALSE
	EndGlobalSection
EndGlobal
